
Microsoft Visual Studio Solution File, Format Version 9.00
# Visual Studio 2005
# SharpDevelop 2.1.0.2201
Project("{FAE04EC0-301F-11D3-BF4B-00C04F79EFBC}") = "TableLib", "TableLib.csproj", "{985CD32B-581C-4AD7-9DBF-BA356011D999}"
EndProject
Global
	GlobalSection(SolutionConfigurationPlatforms) = preSolution
		Debug|Any CPU = Debug|Any CPU
		Release|Any CPU = Release|Any CPU
	EndGlobalSection
	GlobalSection(ProjectConfigurationPlatforms) = postSolution
		{985CD32B-581C-4AD7-9DBF-BA356011D999}.Debug|Any CPU.Build.0 = Debug|Any CPU
		{985CD32B-581C-4AD7-9DBF-BA356011D999}.Debug|Any CPU.ActiveCfg = Debug|Any CPU
		{985CD32B-581C-4AD7-9DBF-BA356011D999}.Release|Any CPU.Build.0 = Release|Any CPU
		{985CD32B-581C-4AD7-9DBF-BA356011D999}.Release|Any CPU.ActiveCfg = Release|Any CPU
	EndGlobalSection
EndGlobal
